Microsoft Visual Studio Solution File, Format Version 12.00
# Visual Studio 15
VisualStudioVersion = 15.0.26228.9
MinimumVisualStudioVersion = 10.0.40219.1
Project("{2150E333-8FDC-42A3-9474-1A3956D46DE8}") = "app", "app", "{88CB5CD6-ACFA-441E-9FBB-E1E06F181B89}"
EndProject
Project("{2150E333-8FDC-42A3-9474-1A3956D46DE8}") = "tests", "tests", "{D2B3990A-A048-49F3-A697-A1DAEF82CE7F}"
EndProject
Project("{2150E333-8FDC-42A3-9474-1A3956D46DE8}") = "Solution Items", "Solution Items", "{BF6154D1-9BC4-4966-9506-BC33E81F317C}"
	ProjectSection(SolutionItems) = preProject
		..\.gitattributes = ..\.gitattributes
		..\.gitignore = ..\.gitignore
		..\.gitmodules = ..\.gitmodules
		..\.travis.yml = ..\.travis.yml
		Build.cmd = Build.cmd
		..\GitVersionConfig.yaml = ..\GitVersionConfig.yaml
		global.json = global.json
		..\LICENSE = ..\LICENSE
		..\Makefile = ..\Makefile
		..\README.md = ..\README.md
		SharpRaven.build = SharpRaven.build
		SharpRaven.sln.DotSettings = SharpRaven.sln.DotSettings
	EndProjectSection
EndProject
Project("{2150E333-8FDC-42A3-9474-1A3956D46DE8}") = ".nuget", ".nuget", "{D18000EF-446C-4756-87BD-632E3B71BD45}"
	ProjectSection(SolutionItems) = preProject
		.nuget\packages.config = .nuget\packages.config
	EndProjectSection
EndProject
Project("{2150E333-8FDC-42A3-9474-1A3956D46DE8}") = "docs", "docs", "{F44F1C47-DCF1-472A-A2D1-7F132AA54339}"
	ProjectSection(SolutionItems) = preProject
		..\docs\conf.py = ..\docs\conf.py
		..\docs\index.rst = ..\docs\index.rst
		..\docs\make.bat = ..\docs\make.bat
		..\docs\Makefile = ..\docs\Makefile
		..\docs\sentry-doc-config.json = ..\docs\sentry-doc-config.json
	EndProjectSection
EndProject
Project("{2150E333-8FDC-42A3-9474-1A3956D46DE8}") = "samples", "samples", "{9A32B005-2DE3-4790-8D0A-DAC836DA0BB7}"
EndProject
Project("{9A19103F-16F7-4668-BE54-9A1E7A4F7556}") = "SharpRaven", "app\SharpRaven\SharpRaven.csproj", "{CC80A2E1-AE39-44DE-8DA3-4EEF42F90FB1}"
EndProject
Project("{8BB2217D-0F2D-49D1-97BC-3654ED321F3B}") = "DotNetCoreSample", "samples\DotNetCoreSample\DotNetCoreSample.xproj", "{00CFF881-35C8-43C0-A79E-E8750382798D}"
EndProject
Project("{9A19103F-16F7-4668-BE54-9A1E7A4F7556}") = "SharpRaven.UnitTests", "tests\SharpRaven.UnitTests\SharpRaven.UnitTests.csproj", "{E1DBEBBF-9448-4D99-B378-2B8CF1629F31}"
EndProject
Project("{9A19103F-16F7-4668-BE54-9A1E7A4F7556}") = "SharpRaven.AspNetCore", "app\SharpRaven.AspNetCore\SharpRaven.AspNetCore.csproj", "{69C4841F-071F-4806-A72B-5F50765FA325}"
EndProject
Project("{8BB2217D-0F2D-49D1-97BC-3654ED321F3B}") = "AspNetCoreSample", "samples\AspNetCoreSample\AspNetCoreSample.xproj", "{451D0309-6791-4546-8827-8B8DDAC96D6E}"
EndProject
Global
	GlobalSection(SolutionConfigurationPlatforms) = preSolution
		Debug 3.5|Any CPU = Debug 3.5|Any CPU
		Debug 3.5|Mixed Platforms = Debug 3.5|Mixed Platforms
		Debug 3.5|x86 = Debug 3.5|x86
		Debug 4.0|Any CPU = Debug 4.0|Any CPU
		Debug 4.0|Mixed Platforms = Debug 4.0|Mixed Platforms
		Debug 4.0|x86 = Debug 4.0|x86
		Debug 4.5|Any CPU = Debug 4.5|Any CPU
		Debug 4.5|Mixed Platforms = Debug 4.5|Mixed Platforms
		Debug 4.5|x86 = Debug 4.5|x86
		Debug|Any CPU = Debug|Any CPU
		Debug|Mixed Platforms = Debug|Mixed Platforms
		Debug|x86 = Debug|x86
		Release 3.5|Any CPU = Release 3.5|Any CPU
		Release 3.5|Mixed Platforms = Release 3.5|Mixed Platforms
		Release 3.5|x86 = Release 3.5|x86
		Release 4.0|Any CPU = Release 4.0|Any CPU
		Release 4.0|Mixed Platforms = Release 4.0|Mixed Platforms
		Release 4.0|x86 = Release 4.0|x86
		Release 4.5|Any CPU = Release 4.5|Any CPU
		Release 4.5|Mixed Platforms = Release 4.5|Mixed Platforms
		Release 4.5|x86 = Release 4.5|x86
		Release|Any CPU = Release|Any CPU
		Release|Mixed Platforms = Release|Mixed Platforms
		Release|x86 = Release|x86
	EndGlobalSection
	GlobalSection(ProjectConfigurationPlatforms) = postSolution
		{CC80A2E1-AE39-44DE-8DA3-4EEF42F90FB1}.Debug 3.5|Any CPU.ActiveCfg = Debug|Any CPU
		{CC80A2E1-AE39-44DE-8DA3-4EEF42F90FB1}.Debug 3.5|Any CPU.Build.0 = Debug|Any CPU
		{CC80A2E1-AE39-44DE-8DA3-4EEF42F90FB1}.Debug 3.5|Mixed Platforms.ActiveCfg = Debug|Any CPU
		{CC80A2E1-AE39-44DE-8DA3-4EEF42F90FB1}.Debug 3.5|Mixed Platforms.Build.0 = Debug|Any CPU
		{CC80A2E1-AE39-44DE-8DA3-4EEF42F90FB1}.Debug 3.5|x86.ActiveCfg = Debug|Any CPU
		{CC80A2E1-AE39-44DE-8DA3-4EEF42F90FB1}.Debug 3.5|x86.Build.0 = Debug|Any CPU
		{CC80A2E1-AE39-44DE-8DA3-4EEF42F90FB1}.Debug 4.0|Any CPU.ActiveCfg = Debug|Any CPU
		{CC80A2E1-AE39-44DE-8DA3-4EEF42F90FB1}.Debug 4.0|Any CPU.Build.0 = Debug|Any CPU
		{CC80A2E1-AE39-44DE-8DA3-4EEF42F90FB1}.Debug 4.0|Mixed Platforms.ActiveCfg = Debug|Any CPU
		{CC80A2E1-AE39-44DE-8DA3-4EEF42F90FB1}.Debug 4.0|Mixed Platforms.Build.0 = Debug|Any CPU
		{CC80A2E1-AE39-44DE-8DA3-4EEF42F90FB1}.Debug 4.0|x86.ActiveCfg = Debug|Any CPU
		{CC80A2E1-AE39-44DE-8DA3-4EEF42F90FB1}.Debug 4.0|x86.Build.0 = Debug|Any CPU
		{CC80A2E1-AE39-44DE-8DA3-4EEF42F90FB1}.Debug 4.5|Any CPU.ActiveCfg = Debug|Any CPU
		{CC80A2E1-AE39-44DE-8DA3-4EEF42F90FB1}.Debug 4.5|Any CPU.Build.0 = Debug|Any CPU
		{CC80A2E1-AE39-44DE-8DA3-4EEF42F90FB1}.Debug 4.5|Mixed Platforms.ActiveCfg = Debug|Any CPU
		{CC80A2E1-AE39-44DE-8DA3-4EEF42F90FB1}.Debug 4.5|Mixed Platforms.Build.0 = Debug|Any CPU
		{CC80A2E1-AE39-44DE-8DA3-4EEF42F90FB1}.Debug 4.5|x86.ActiveCfg = Debug|Any CPU
		{CC80A2E1-AE39-44DE-8DA3-4EEF42F90FB1}.Debug 4.5|x86.Build.0 = Debug|Any CPU
		{CC80A2E1-AE39-44DE-8DA3-4EEF42F90FB1}.Debug|Any CPU.ActiveCfg = Debug|Any CPU
		{CC80A2E1-AE39-44DE-8DA3-4EEF42F90FB1}.Debug|Any CPU.Build.0 = Debug|Any CPU
		{CC80A2E1-AE39-44DE-8DA3-4EEF42F90FB1}.Debug|Mixed Platforms.ActiveCfg = Debug|Any CPU
		{CC80A2E1-AE39-44DE-8DA3-4EEF42F90FB1}.Debug|Mixed Platforms.Build.0 = Debug|Any CPU
		{CC80A2E1-AE39-44DE-8DA3-4EEF42F90FB1}.Debug|x86.ActiveCfg = Debug|Any CPU
		{CC80A2E1-AE39-44DE-8DA3-4EEF42F90FB1}.Debug|x86.Build.0 = Debug|Any CPU
		{CC80A2E1-AE39-44DE-8DA3-4EEF42F90FB1}.Release 3.5|Any CPU.ActiveCfg = Release|Any CPU
		{CC80A2E1-AE39-44DE-8DA3-4EEF42F90FB1}.Release 3.5|Any CPU.Build.0 = Release|Any CPU
		{CC80A2E1-AE39-44DE-8DA3-4EEF42F90FB1}.Release 3.5|Mixed Platforms.ActiveCfg = Release|Any CPU
		{CC80A2E1-AE39-44DE-8DA3-4EEF42F90FB1}.Release 3.5|Mixed Platforms.Build.0 = Release|Any CPU
		{CC80A2E1-AE39-44DE-8DA3-4EEF42F90FB1}.Release 3.5|x86.ActiveCfg = Release|Any CPU
		{CC80A2E1-AE39-44DE-8DA3-4EEF42F90FB1}.Release 3.5|x86.Build.0 = Release|Any CPU
		{CC80A2E1-AE39-44DE-8DA3-4EEF42F90FB1}.Release 4.0|Any CPU.ActiveCfg = Release|Any CPU
		{CC80A2E1-AE39-44DE-8DA3-4EEF42F90FB1}.Release 4.0|Any CPU.Build.0 = Release|Any CPU
		{CC80A2E1-AE39-44DE-8DA3-4EEF42F90FB1}.Release 4.0|Mixed Platforms.ActiveCfg = Release|Any CPU
		{CC80A2E1-AE39-44DE-8DA3-4EEF42F90FB1}.Release 4.0|Mixed Platforms.Build.0 = Release|Any CPU
		{CC80A2E1-AE39-44DE-8DA3-4EEF42F90FB1}.Release 4.0|x86.ActiveCfg = Release|Any CPU
		{CC80A2E1-AE39-44DE-8DA3-4EEF42F90FB1}.Release 4.0|x86.Build.0 = Release|Any CPU
		{CC80A2E1-AE39-44DE-8DA3-4EEF42F90FB1}.Release 4.5|Any CPU.ActiveCfg = Release|Any CPU
		{CC80A2E1-AE39-44DE-8DA3-4EEF42F90FB1}.Release 4.5|Any CPU.Build.0 = Release|Any CPU
		{CC80A2E1-AE39-44DE-8DA3-4EEF42F90FB1}.Release 4.5|Mixed Platforms.ActiveCfg = Release|Any CPU
		{CC80A2E1-AE39-44DE-8DA3-4EEF42F90FB1}.Release 4.5|Mixed Platforms.Build.0 = Release|Any CPU
		{CC80A2E1-AE39-44DE-8DA3-4EEF42F90FB1}.Release 4.5|x86.ActiveCfg = Release|Any CPU
		{CC80A2E1-AE39-44DE-8DA3-4EEF42F90FB1}.Release 4.5|x86.Build.0 = Release|Any CPU
		{CC80A2E1-AE39-44DE-8DA3-4EEF42F90FB1}.Release|Any CPU.ActiveCfg = Release|Any CPU
		{CC80A2E1-AE39-44DE-8DA3-4EEF42F90FB1}.Release|Any CPU.Build.0 = Release|Any CPU
		{CC80A2E1-AE39-44DE-8DA3-4EEF42F90FB1}.Release|Mixed Platforms.ActiveCfg = Release|Any CPU
		{CC80A2E1-AE39-44DE-8DA3-4EEF42F90FB1}.Release|Mixed Platforms.Build.0 = Release|Any CPU
		{CC80A2E1-AE39-44DE-8DA3-4EEF42F90FB1}.Release|x86.ActiveCfg = Release|Any CPU
		{CC80A2E1-AE39-44DE-8DA3-4EEF42F90FB1}.Release|x86.Build.0 = Release|Any CPU
		{00CFF881-35C8-43C0-A79E-E8750382798D}.Debug 3.5|Any CPU.ActiveCfg = Debug|Any CPU
		{00CFF881-35C8-43C0-A79E-E8750382798D}.Debug 3.5|Any CPU.Build.0 = Debug|Any CPU
		{00CFF881-35C8-43C0-A79E-E8750382798D}.Debug 3.5|Mixed Platforms.ActiveCfg = Debug|Any CPU
		{00CFF881-35C8-43C0-A79E-E8750382798D}.Debug 3.5|Mixed Platforms.Build.0 = Debug|Any CPU
		{00CFF881-35C8-43C0-A79E-E8750382798D}.Debug 3.5|x86.ActiveCfg = Debug|Any CPU
		{00CFF881-35C8-43C0-A79E-E8750382798D}.Debug 3.5|x86.Build.0 = Debug|Any CPU
		{00CFF881-35C8-43C0-A79E-E8750382798D}.Debug 4.0|Any CPU.ActiveCfg = Debug|Any CPU
		{00CFF881-35C8-43C0-A79E-E8750382798D}.Debug 4.0|Any CPU.Build.0 = Debug|Any CPU
		{00CFF881-35C8-43C0-A79E-E8750382798D}.Debug 4.0|Mixed Platforms.ActiveCfg = Debug|Any CPU
		{00CFF881-35C8-43C0-A79E-E8750382798D}.Debug 4.0|Mixed Platforms.Build.0 = Debug|Any CPU
		{00CFF881-35C8-43C0-A79E-E8750382798D}.Debug 4.0|x86.ActiveCfg = Debug|Any CPU
		{00CFF881-35C8-43C0-A79E-E8750382798D}.Debug 4.0|x86.Build.0 = Debug|Any CPU
		{00CFF881-35C8-43C0-A79E-E8750382798D}.Debug 4.5|Any CPU.ActiveCfg = Debug|Any CPU
		{00CFF881-35C8-43C0-A79E-E8750382798D}.Debug 4.5|Any CPU.Build.0 = Debug|Any CPU
		{00CFF881-35C8-43C0-A79E-E8750382798D}.Debug 4.5|Mixed Platforms.ActiveCfg = Debug|Any CPU
		{00CFF881-35C8-43C0-A79E-E8750382798D}.Debug 4.5|Mixed Platforms.Build.0 = Debug|Any CPU
		{00CFF881-35C8-43C0-A79E-E8750382798D}.Debug 4.5|x86.ActiveCfg = Debug|Any CPU
		{00CFF881-35C8-43C0-A79E-E8750382798D}.Debug 4.5|x86.Build.0 = Debug|Any CPU
		{00CFF881-35C8-43C0-A79E-E8750382798D}.Debug|Any CPU.ActiveCfg = Debug|Any CPU
		{00CFF881-35C8-43C0-A79E-E8750382798D}.Debug|Any CPU.Build.0 = Debug|Any CPU
		{00CFF881-35C8-43C0-A79E-E8750382798D}.Debug|Mixed Platforms.ActiveCfg = Debug|Any CPU
		{00CFF881-35C8-43C0-A79E-E8750382798D}.Debug|Mixed Platforms.Build.0 = Debug|Any CPU
		{00CFF881-35C8-43C0-A79E-E8750382798D}.Debug|x86.ActiveCfg = Debug|Any CPU
		{00CFF881-35C8-43C0-A79E-E8750382798D}.Debug|x86.Build.0 = Debug|Any CPU
		{00CFF881-35C8-43C0-A79E-E8750382798D}.Release 3.5|Any CPU.ActiveCfg = Release|Any CPU
		{00CFF881-35C8-43C0-A79E-E8750382798D}.Release 3.5|Any CPU.Build.0 = Release|Any CPU
		{00CFF881-35C8-43C0-A79E-E8750382798D}.Release 3.5|Mixed Platforms.ActiveCfg = Release|Any CPU
		{00CFF881-35C8-43C0-A79E-E8750382798D}.Release 3.5|Mixed Platforms.Build.0 = Release|Any CPU
		{00CFF881-35C8-43C0-A79E-E8750382798D}.Release 3.5|x86.ActiveCfg = Release|Any CPU
		{00CFF881-35C8-43C0-A79E-E8750382798D}.Release 3.5|x86.Build.0 = Release|Any CPU
		{00CFF881-35C8-43C0-A79E-E8750382798D}.Release 4.0|Any CPU.ActiveCfg = Release|Any CPU
		{00CFF881-35C8-43C0-A79E-E8750382798D}.Release 4.0|Any CPU.Build.0 = Release|Any CPU
		{00CFF881-35C8-43C0-A79E-E8750382798D}.Release 4.0|Mixed Platforms.ActiveCfg = Release|Any CPU
		{00CFF881-35C8-43C0-A79E-E8750382798D}.Release 4.0|Mixed Platforms.Build.0 = Release|Any CPU
		{00CFF881-35C8-43C0-A79E-E8750382798D}.Release 4.0|x86.ActiveCfg = Release|Any CPU
		{00CFF881-35C8-43C0-A79E-E8750382798D}.Release 4.0|x86.Build.0 = Release|Any CPU
		{00CFF881-35C8-43C0-A79E-E8750382798D}.Release 4.5|Any CPU.ActiveCfg = Release|Any CPU
		{00CFF881-35C8-43C0-A79E-E8750382798D}.Release 4.5|Any CPU.Build.0 = Release|Any CPU
		{00CFF881-35C8-43C0-A79E-E8750382798D}.Release 4.5|Mixed Platforms.ActiveCfg = Release|Any CPU
		{00CFF881-35C8-43C0-A79E-E8750382798D}.Release 4.5|Mixed Platforms.Build.0 = Release|Any CPU
		{00CFF881-35C8-43C0-A79E-E8750382798D}.Release 4.5|x86.ActiveCfg = Release|Any CPU
		{00CFF881-35C8-43C0-A79E-E8750382798D}.Release 4.5|x86.Build.0 = Release|Any CPU
		{00CFF881-35C8-43C0-A79E-E8750382798D}.Release|Any CPU.ActiveCfg = Release|Any CPU
		{00CFF881-35C8-43C0-A79E-E8750382798D}.Release|Any CPU.Build.0 = Release|Any CPU
		{00CFF881-35C8-43C0-A79E-E8750382798D}.Release|Mixed Platforms.ActiveCfg = Release|Any CPU
		{00CFF881-35C8-43C0-A79E-E8750382798D}.Release|Mixed Platforms.Build.0 = Release|Any CPU
		{00CFF881-35C8-43C0-A79E-E8750382798D}.Release|x86.ActiveCfg = Release|Any CPU
		{00CFF881-35C8-43C0-A79E-E8750382798D}.Release|x86.Build.0 = Release|Any CPU
		{E1DBEBBF-9448-4D99-B378-2B8CF1629F31}.Debug 3.5|Any CPU.ActiveCfg = Debug|Any CPU
		{E1DBEBBF-9448-4D99-B378-2B8CF1629F31}.Debug 3.5|Any CPU.Build.0 = Debug|Any CPU
		{E1DBEBBF-9448-4D99-B378-2B8CF1629F31}.Debug 3.5|Mixed Platforms.ActiveCfg = Debug|Any CPU
		{E1DBEBBF-9448-4D99-B378-2B8CF1629F31}.Debug 3.5|Mixed Platforms.Build.0 = Debug|Any CPU
		{E1DBEBBF-9448-4D99-B378-2B8CF1629F31}.Debug 3.5|x86.ActiveCfg = Debug|Any CPU
		{E1DBEBBF-9448-4D99-B378-2B8CF1629F31}.Debug 3.5|x86.Build.0 = Debug|Any CPU
		{E1DBEBBF-9448-4D99-B378-2B8CF1629F31}.Debug 4.0|Any CPU.ActiveCfg = Debug|Any CPU
		{E1DBEBBF-9448-4D99-B378-2B8CF1629F31}.Debug 4.0|Any CPU.Build.0 = Debug|Any CPU
		{E1DBEBBF-9448-4D99-B378-2B8CF1629F31}.Debug 4.0|Mixed Platforms.ActiveCfg = Debug|Any CPU
		{E1DBEBBF-9448-4D99-B378-2B8CF1629F31}.Debug 4.0|Mixed Platforms.Build.0 = Debug|Any CPU
		{E1DBEBBF-9448-4D99-B378-2B8CF1629F31}.Debug 4.0|x86.ActiveCfg = Debug|Any CPU
		{E1DBEBBF-9448-4D99-B378-2B8CF1629F31}.Debug 4.0|x86.Build.0 = Debug|Any CPU
		{E1DBEBBF-9448-4D99-B378-2B8CF1629F31}.Debug 4.5|Any CPU.ActiveCfg = Debug|Any CPU
		{E1DBEBBF-9448-4D99-B378-2B8CF1629F31}.Debug 4.5|Any CPU.Build.0 = Debug|Any CPU
		{E1DBEBBF-9448-4D99-B378-2B8CF1629F31}.Debug 4.5|Mixed Platforms.ActiveCfg = Debug|Any CPU
		{E1DBEBBF-9448-4D99-B378-2B8CF1629F31}.Debug 4.5|Mixed Platforms.Build.0 = Debug|Any CPU
		{E1DBEBBF-9448-4D99-B378-2B8CF1629F31}.Debug 4.5|x86.ActiveCfg = Debug|Any CPU
		{E1DBEBBF-9448-4D99-B378-2B8CF1629F31}.Debug 4.5|x86.Build.0 = Debug|Any CPU
		{E1DBEBBF-9448-4D99-B378-2B8CF1629F31}.Debug|Any CPU.ActiveCfg = Debug|Any CPU
		{E1DBEBBF-9448-4D99-B378-2B8CF1629F31}.Debug|Any CPU.Build.0 = Debug|Any CPU
		{E1DBEBBF-9448-4D99-B378-2B8CF1629F31}.Debug|Mixed Platforms.ActiveCfg = Debug|Any CPU
		{E1DBEBBF-9448-4D99-B378-2B8CF1629F31}.Debug|Mixed Platforms.Build.0 = Debug|Any CPU
		{E1DBEBBF-9448-4D99-B378-2B8CF1629F31}.Debug|x86.ActiveCfg = Debug|Any CPU
		{E1DBEBBF-9448-4D99-B378-2B8CF1629F31}.Debug|x86.Build.0 = Debug|Any CPU
		{E1DBEBBF-9448-4D99-B378-2B8CF1629F31}.Release 3.5|Any CPU.ActiveCfg = Release|Any CPU
		{E1DBEBBF-9448-4D99-B378-2B8CF1629F31}.Release 3.5|Any CPU.Build.0 = Release|Any CPU
		{E1DBEBBF-9448-4D99-B378-2B8CF1629F31}.Release 3.5|Mixed Platforms.ActiveCfg = Release|Any CPU
		{E1DBEBBF-9448-4D99-B378-2B8CF1629F31}.Release 3.5|Mixed Platforms.Build.0 = Release|Any CPU
		{E1DBEBBF-9448-4D99-B378-2B8CF1629F31}.Release 3.5|x86.ActiveCfg = Release|Any CPU
		{E1DBEBBF-9448-4D99-B378-2B8CF1629F31}.Release 3.5|x86.Build.0 = Release|Any CPU
		{E1DBEBBF-9448-4D99-B378-2B8CF1629F31}.Release 4.0|Any CPU.ActiveCfg = Release|Any CPU
		{E1DBEBBF-9448-4D99-B378-2B8CF1629F31}.Release 4.0|Any CPU.Build.0 = Release|Any CPU
		{E1DBEBBF-9448-4D99-B378-2B8CF1629F31}.Release 4.0|Mixed Platforms.ActiveCfg = Release|Any CPU
		{E1DBEBBF-9448-4D99-B378-2B8CF1629F31}.Release 4.0|Mixed Platforms.Build.0 = Release|Any CPU
		{E1DBEBBF-9448-4D99-B378-2B8CF1629F31}.Release 4.0|x86.ActiveCfg = Release|Any CPU
		{E1DBEBBF-9448-4D99-B378-2B8CF1629F31}.Release 4.0|x86.Build.0 = Release|Any CPU
		{E1DBEBBF-9448-4D99-B378-2B8CF1629F31}.Release 4.5|Any CPU.ActiveCfg = Release|Any CPU
		{E1DBEBBF-9448-4D99-B378-2B8CF1629F31}.Release 4.5|Any CPU.Build.0 = Release|Any CPU
		{E1DBEBBF-9448-4D99-B378-2B8CF1629F31}.Release 4.5|Mixed Platforms.ActiveCfg = Release|Any CPU
		{E1DBEBBF-9448-4D99-B378-2B8CF1629F31}.Release 4.5|Mixed Platforms.Build.0 = Release|Any CPU
		{E1DBEBBF-9448-4D99-B378-2B8CF1629F31}.Release 4.5|x86.ActiveCfg = Release|Any CPU
		{E1DBEBBF-9448-4D99-B378-2B8CF1629F31}.Release 4.5|x86.Build.0 = Release|Any CPU
		{E1DBEBBF-9448-4D99-B378-2B8CF1629F31}.Release|Any CPU.ActiveCfg = Release|Any CPU
		{E1DBEBBF-9448-4D99-B378-2B8CF1629F31}.Release|Any CPU.Build.0 = Release|Any CPU
		{E1DBEBBF-9448-4D99-B378-2B8CF1629F31}.Release|Mixed Platforms.ActiveCfg = Release|Any CPU
		{E1DBEBBF-9448-4D99-B378-2B8CF1629F31}.Release|Mixed Platforms.Build.0 = Release|Any CPU
		{E1DBEBBF-9448-4D99-B378-2B8CF1629F31}.Release|x86.ActiveCfg = Release|Any CPU
		{E1DBEBBF-9448-4D99-B378-2B8CF1629F31}.Release|x86.Build.0 = Release|Any CPU
		{69C4841F-071F-4806-A72B-5F50765FA325}.Debug 3.5|Any CPU.ActiveCfg = Debug|Any CPU
		{69C4841F-071F-4806-A72B-5F50765FA325}.Debug 3.5|Any CPU.Build.0 = Debug|Any CPU
		{69C4841F-071F-4806-A72B-5F50765FA325}.Debug 3.5|Mixed Platforms.ActiveCfg = Debug|Any CPU
		{69C4841F-071F-4806-A72B-5F50765FA325}.Debug 3.5|Mixed Platforms.Build.0 = Debug|Any CPU
		{69C4841F-071F-4806-A72B-5F50765FA325}.Debug 3.5|x86.ActiveCfg = Debug|Any CPU
		{69C4841F-071F-4806-A72B-5F50765FA325}.Debug 3.5|x86.Build.0 = Debug|Any CPU
		{69C4841F-071F-4806-A72B-5F50765FA325}.Debug 4.0|Any CPU.ActiveCfg = Debug|Any CPU
		{69C4841F-071F-4806-A72B-5F50765FA325}.Debug 4.0|Any CPU.Build.0 = Debug|Any CPU
		{69C4841F-071F-4806-A72B-5F50765FA325}.Debug 4.0|Mixed Platforms.ActiveCfg = Debug|Any CPU
		{69C4841F-071F-4806-A72B-5F50765FA325}.Debug 4.0|Mixed Platforms.Build.0 = Debug|Any CPU
		{69C4841F-071F-4806-A72B-5F50765FA325}.Debug 4.0|x86.ActiveCfg = Debug|Any CPU
		{69C4841F-071F-4806-A72B-5F50765FA325}.Debug 4.0|x86.Build.0 = Debug|Any CPU
		{69C4841F-071F-4806-A72B-5F50765FA325}.Debug 4.5|Any CPU.ActiveCfg = Debug|Any CPU
		{69C4841F-071F-4806-A72B-5F50765FA325}.Debug 4.5|Any CPU.Build.0 = Debug|Any CPU
		{69C4841F-071F-4806-A72B-5F50765FA325}.Debug 4.5|Mixed Platforms.ActiveCfg = Debug|Any CPU
		{69C4841F-071F-4806-A72B-5F50765FA325}.Debug 4.5|Mixed Platforms.Build.0 = Debug|Any CPU
		{69C4841F-071F-4806-A72B-5F50765FA325}.Debug 4.5|x86.ActiveCfg = Debug|Any CPU
		{69C4841F-071F-4806-A72B-5F50765FA325}.Debug 4.5|x86.Build.0 = Debug|Any CPU
		{69C4841F-071F-4806-A72B-5F50765FA325}.Debug|Any CPU.ActiveCfg = Debug|Any CPU
		{69C4841F-071F-4806-A72B-5F50765FA325}.Debug|Any CPU.Build.0 = Debug|Any CPU
		{69C4841F-071F-4806-A72B-5F50765FA325}.Debug|Mixed Platforms.ActiveCfg = Debug|Any CPU
		{69C4841F-071F-4806-A72B-5F50765FA325}.Debug|Mixed Platforms.Build.0 = Debug|Any CPU
		{69C4841F-071F-4806-A72B-5F50765FA325}.Debug|x86.ActiveCfg = Debug|Any CPU
		{69C4841F-071F-4806-A72B-5F50765FA325}.Debug|x86.Build.0 = Debug|Any CPU
		{69C4841F-071F-4806-A72B-5F50765FA325}.Release 3.5|Any CPU.ActiveCfg = Release|Any CPU
		{69C4841F-071F-4806-A72B-5F50765FA325}.Release 3.5|Any CPU.Build.0 = Release|Any CPU
		{69C4841F-071F-4806-A72B-5F50765FA325}.Release 3.5|Mixed Platforms.ActiveCfg = Release|Any CPU
		{69C4841F-071F-4806-A72B-5F50765FA325}.Release 3.5|Mixed Platforms.Build.0 = Release|Any CPU
		{69C4841F-071F-4806-A72B-5F50765FA325}.Release 3.5|x86.ActiveCfg = Release|Any CPU
		{69C4841F-071F-4806-A72B-5F50765FA325}.Release 3.5|x86.Build.0 = Release|Any CPU
		{69C4841F-071F-4806-A72B-5F50765FA325}.Release 4.0|Any CPU.ActiveCfg = Release|Any CPU
		{69C4841F-071F-4806-A72B-5F50765FA325}.Release 4.0|Any CPU.Build.0 = Release|Any CPU
		{69C4841F-071F-4806-A72B-5F50765FA325}.Release 4.0|Mixed Platforms.ActiveCfg = Release|Any CPU
		{69C4841F-071F-4806-A72B-5F50765FA325}.Release 4.0|Mixed Platforms.Build.0 = Release|Any CPU
		{69C4841F-071F-4806-A72B-5F50765FA325}.Release 4.0|x86.ActiveCfg = Release|Any CPU
		{69C4841F-071F-4806-A72B-5F50765FA325}.Release 4.0|x86.Build.0 = Release|Any CPU
		{69C4841F-071F-4806-A72B-5F50765FA325}.Release 4.5|Any CPU.ActiveCfg = Release|Any CPU
		{69C4841F-071F-4806-A72B-5F50765FA325}.Release 4.5|Any CPU.Build.0 = Release|Any CPU
		{69C4841F-071F-4806-A72B-5F50765FA325}.Release 4.5|Mixed Platforms.ActiveCfg = Release|Any CPU
		{69C4841F-071F-4806-A72B-5F50765FA325}.Release 4.5|Mixed Platforms.Build.0 = Release|Any CPU
		{69C4841F-071F-4806-A72B-5F50765FA325}.Release 4.5|x86.ActiveCfg = Release|Any CPU
		{69C4841F-071F-4806-A72B-5F50765FA325}.Release 4.5|x86.Build.0 = Release|Any CPU
		{69C4841F-071F-4806-A72B-5F50765FA325}.Release|Any CPU.ActiveCfg = Release|Any CPU
		{69C4841F-071F-4806-A72B-5F50765FA325}.Release|Any CPU.Build.0 = Release|Any CPU
		{69C4841F-071F-4806-A72B-5F50765FA325}.Release|Mixed Platforms.ActiveCfg = Release|Any CPU
		{69C4841F-071F-4806-A72B-5F50765FA325}.Release|Mixed Platforms.Build.0 = Release|Any CPU
		{69C4841F-071F-4806-A72B-5F50765FA325}.Release|x86.ActiveCfg = Release|Any CPU
		{69C4841F-071F-4806-A72B-5F50765FA325}.Release|x86.Build.0 = Release|Any CPU
		{451D0309-6791-4546-8827-8B8DDAC96D6E}.Debug 3.5|Any CPU.ActiveCfg = Debug|Any CPU
		{451D0309-6791-4546-8827-8B8DDAC96D6E}.Debug 3.5|Any CPU.Build.0 = Debug|Any CPU
		{451D0309-6791-4546-8827-8B8DDAC96D6E}.Debug 3.5|Mixed Platforms.ActiveCfg = Debug|Any CPU
		{451D0309-6791-4546-8827-8B8DDAC96D6E}.Debug 3.5|Mixed Platforms.Build.0 = Debug|Any CPU
		{451D0309-6791-4546-8827-8B8DDAC96D6E}.Debug 3.5|x86.ActiveCfg = Debug|Any CPU
		{451D0309-6791-4546-8827-8B8DDAC96D6E}.Debug 3.5|x86.Build.0 = Debug|Any CPU
		{451D0309-6791-4546-8827-8B8DDAC96D6E}.Debug 4.0|Any CPU.ActiveCfg = Debug|Any CPU
		{451D0309-6791-4546-8827-8B8DDAC96D6E}.Debug 4.0|Any CPU.Build.0 = Debug|Any CPU
		{451D0309-6791-4546-8827-8B8DDAC96D6E}.Debug 4.0|Mixed Platforms.ActiveCfg = Debug|Any CPU
		{451D0309-6791-4546-8827-8B8DDAC96D6E}.Debug 4.0|Mixed Platforms.Build.0 = Debug|Any CPU
		{451D0309-6791-4546-8827-8B8DDAC96D6E}.Debug 4.0|x86.ActiveCfg = Debug|Any CPU
		{451D0309-6791-4546-8827-8B8DDAC96D6E}.Debug 4.0|x86.Build.0 = Debug|Any CPU
		{451D0309-6791-4546-8827-8B8DDAC96D6E}.Debug 4.5|Any CPU.ActiveCfg = Debug|Any CPU
		{451D0309-6791-4546-8827-8B8DDAC96D6E}.Debug 4.5|Any CPU.Build.0 = Debug|Any CPU
		{451D0309-6791-4546-8827-8B8DDAC96D6E}.Debug 4.5|Mixed Platforms.ActiveCfg = Debug|Any CPU
		{451D0309-6791-4546-8827-8B8DDAC96D6E}.Debug 4.5|Mixed Platforms.Build.0 = Debug|Any CPU
		{451D0309-6791-4546-8827-8B8DDAC96D6E}.Debug 4.5|x86.ActiveCfg = Debug|Any CPU
		{451D0309-6791-4546-8827-8B8DDAC96D6E}.Debug 4.5|x86.Build.0 = Debug|Any CPU
		{451D0309-6791-4546-8827-8B8DDAC96D6E}.Debug|Any CPU.ActiveCfg = Debug|Any CPU
		{451D0309-6791-4546-8827-8B8DDAC96D6E}.Debug|Any CPU.Build.0 = Debug|Any CPU
		{451D0309-6791-4546-8827-8B8DDAC96D6E}.Debug|Mixed Platforms.ActiveCfg = Debug|Any CPU
		{451D0309-6791-4546-8827-8B8DDAC96D6E}.Debug|Mixed Platforms.Build.0 = Debug|Any CPU
		{451D0309-6791-4546-8827-8B8DDAC96D6E}.Debug|x86.ActiveCfg = Debug|Any CPU
		{451D0309-6791-4546-8827-8B8DDAC96D6E}.Debug|x86.Build.0 = Debug|Any CPU
		{451D0309-6791-4546-8827-8B8DDAC96D6E}.Release 3.5|Any CPU.ActiveCfg = Release|Any CPU
		{451D0309-6791-4546-8827-8B8DDAC96D6E}.Release 3.5|Any CPU.Build.0 = Release|Any CPU
		{451D0309-6791-4546-8827-8B8DDAC96D6E}.Release 3.5|Mixed Platforms.ActiveCfg = Release|Any CPU
		{451D0309-6791-4546-8827-8B8DDAC96D6E}.Release 3.5|Mixed Platforms.Build.0 = Release|Any CPU
		{451D0309-6791-4546-8827-8B8DDAC96D6E}.Release 3.5|x86.ActiveCfg = Release|Any CPU
		{451D0309-6791-4546-8827-8B8DDAC96D6E}.Release 3.5|x86.Build.0 = Release|Any CPU
		{451D0309-6791-4546-8827-8B8DDAC96D6E}.Release 4.0|Any CPU.ActiveCfg = Release|Any CPU
		{451D0309-6791-4546-8827-8B8DDAC96D6E}.Release 4.0|Any CPU.Build.0 = Release|Any CPU
		{451D0309-6791-4546-8827-8B8DDAC96D6E}.Release 4.0|Mixed Platforms.ActiveCfg = Release|Any CPU
		{451D0309-6791-4546-8827-8B8DDAC96D6E}.Release 4.0|Mixed Platforms.Build.0 = Release|Any CPU
		{451D0309-6791-4546-8827-8B8DDAC96D6E}.Release 4.0|x86.ActiveCfg = Release|Any CPU
		{451D0309-6791-4546-8827-8B8DDAC96D6E}.Release 4.0|x86.Build.0 = Release|Any CPU
		{451D0309-6791-4546-8827-8B8DDAC96D6E}.Release 4.5|Any CPU.ActiveCfg = Release|Any CPU
		{451D0309-6791-4546-8827-8B8DDAC96D6E}.Release 4.5|Any CPU.Build.0 = Release|Any CPU
		{451D0309-6791-4546-8827-8B8DDAC96D6E}.Release 4.5|Mixed Platforms.ActiveCfg = Release|Any CPU
		{451D0309-6791-4546-8827-8B8DDAC96D6E}.Release 4.5|Mixed Platforms.Build.0 = Release|Any CPU
		{451D0309-6791-4546-8827-8B8DDAC96D6E}.Release 4.5|x86.ActiveCfg = Release|Any CPU
		{451D0309-6791-4546-8827-8B8DDAC96D6E}.Release 4.5|x86.Build.0 = Release|Any CPU
		{451D0309-6791-4546-8827-8B8DDAC96D6E}.Release|Any CPU.ActiveCfg = Release|Any CPU
		{451D0309-6791-4546-8827-8B8DDAC96D6E}.Release|Any CPU.Build.0 = Release|Any CPU
		{451D0309-6791-4546-8827-8B8DDAC96D6E}.Release|Mixed Platforms.ActiveCfg = Release|Any CPU
		{451D0309-6791-4546-8827-8B8DDAC96D6E}.Release|Mixed Platforms.Build.0 = Release|Any CPU
		{451D0309-6791-4546-8827-8B8DDAC96D6E}.Release|x86.ActiveCfg = Release|Any CPU
		{451D0309-6791-4546-8827-8B8DDAC96D6E}.Release|x86.Build.0 = Release|Any CPU
	EndGlobalSection
	GlobalSection(SolutionProperties) = preSolution
		HideSolutionNode = FALSE
	EndGlobalSection
	GlobalSection(NestedProjects) = preSolution
		{F44F1C47-DCF1-472A-A2D1-7F132AA54339} = {BF6154D1-9BC4-4966-9506-BC33E81F317C}
		{CC80A2E1-AE39-44DE-8DA3-4EEF42F90FB1} = {88CB5CD6-ACFA-441E-9FBB-E1E06F181B89}
		{00CFF881-35C8-43C0-A79E-E8750382798D} = {9A32B005-2DE3-4790-8D0A-DAC836DA0BB7}
		{E1DBEBBF-9448-4D99-B378-2B8CF1629F31} = {D2B3990A-A048-49F3-A697-A1DAEF82CE7F}
		{69C4841F-071F-4806-A72B-5F50765FA325} = {88CB5CD6-ACFA-441E-9FBB-E1E06F181B89}
		{451D0309-6791-4546-8827-8B8DDAC96D6E} = {9A32B005-2DE3-4790-8D0A-DAC836DA0BB7}
	EndGlobalSection
EndGlobal
